
Microsoft Visual Studio Solution File, Format Version 12.00
Project("{FAE04EC0-301F-11D3-BF4B-00C04F79EFBC}") = "Npam", "src\Npam\Npam.csproj", "{20E5A955-35C3-4F43-941A-ABA41008320B}"
EndProject
Project("{FAE04EC0-301F-11D3-BF4B-00C04F79EFBC}") = "Npam.Example.User", "src\Npam.Example.User\Npam.Example.User.csproj", "{CA57C7AF-0521-4D31-80CE-6955BD93EA6C}"
EndProject
Project("{FAE04EC0-301F-11D3-BF4B-00C04F79EFBC}") = "Npam.Example.Session", "src\Npam.Example.Session\Npam.Example.Session.csproj", "{786C9F8C-E99B-4378-AAD6-B8F3967DB3B9}"
EndProject
Project("{2150E333-8FDC-42A3-9474-1A3956D46DE8}") = "src", "src", "{7E1630DA-7799-45D3-9F15-1929D5223E41}"
EndProject
Project("{2150E333-8FDC-42A3-9474-1A3956D46DE8}") = "tests", "tests", "{D7F91D57-C617-4B27-8C4E-AEA83B6BA2A2}"
EndProject
Project("{FAE04EC0-301F-11D3-BF4B-00C04F79EFBC}") = "Npam.Tests", "test\Npam.Tests\Npam.Tests.csproj", "{09A53BB4-C421-480D-A4E2-3DCBCDEF7C80}"
EndProject
Global
	GlobalSection(SolutionConfigurationPlatforms) = preSolution
		Debug|Any CPU = Debug|Any CPU
		Release|Any CPU = Release|Any CPU
	EndGlobalSection
	GlobalSection(ProjectConfigurationPlatforms) = postSolution
		{20E5A955-35C3-4F43-941A-ABA41008320B}.Debug|Any CPU.ActiveCfg = Debug|Any CPU
		{20E5A955-35C3-4F43-941A-ABA41008320B}.Debug|Any CPU.Build.0 = Debug|Any CPU
		{20E5A955-35C3-4F43-941A-ABA41008320B}.Release|Any CPU.ActiveCfg = Release|Any CPU
		{20E5A955-35C3-4F43-941A-ABA41008320B}.Release|Any CPU.Build.0 = Release|Any CPU
		{CA57C7AF-0521-4D31-80CE-6955BD93EA6C}.Debug|Any CPU.ActiveCfg = Debug|Any CPU
		{CA57C7AF-0521-4D31-80CE-6955BD93EA6C}.Debug|Any CPU.Build.0 = Debug|Any CPU
		{CA57C7AF-0521-4D31-80CE-6955BD93EA6C}.Release|Any CPU.ActiveCfg = Release|Any CPU
		{CA57C7AF-0521-4D31-80CE-6955BD93EA6C}.Release|Any CPU.Build.0 = Release|Any CPU
		{786C9F8C-E99B-4378-AAD6-B8F3967DB3B9}.Debug|Any CPU.ActiveCfg = Debug|Any CPU
		{786C9F8C-E99B-4378-AAD6-B8F3967DB3B9}.Debug|Any CPU.Build.0 = Debug|Any CPU
		{786C9F8C-E99B-4378-AAD6-B8F3967DB3B9}.Release|Any CPU.ActiveCfg = Release|Any CPU
		{786C9F8C-E99B-4378-AAD6-B8F3967DB3B9}.Release|Any CPU.Build.0 = Release|Any CPU
		{09A53BB4-C421-480D-A4E2-3DCBCDEF7C80}.Debug|Any CPU.ActiveCfg = Debug|Any CPU
		{09A53BB4-C421-480D-A4E2-3DCBCDEF7C80}.Debug|Any CPU.Build.0 = Debug|Any CPU
		{09A53BB4-C421-480D-A4E2-3DCBCDEF7C80}.Release|Any CPU.ActiveCfg = Release|Any CPU
		{09A53BB4-C421-480D-A4E2-3DCBCDEF7C80}.Release|Any CPU.Build.0 = Release|Any CPU
	EndGlobalSection
	GlobalSection(NestedProjects) = preSolution
		{20E5A955-35C3-4F43-941A-ABA41008320B} = {7E1630DA-7799-45D3-9F15-1929D5223E41}
		{786C9F8C-E99B-4378-AAD6-B8F3967DB3B9} = {7E1630DA-7799-45D3-9F15-1929D5223E41}
		{CA57C7AF-0521-4D31-80CE-6955BD93EA6C} = {7E1630DA-7799-45D3-9F15-1929D5223E41}
		{09A53BB4-C421-480D-A4E2-3DCBCDEF7C80} = {D7F91D57-C617-4B27-8C4E-AEA83B6BA2A2}
	EndGlobalSection
EndGlobal
